
Microsoft Visual Studio Solution File, Format Version 12.00
# Visual Studio 14
VisualStudioVersion = 14.0.25420.1
MinimumVisualStudioVersion = 10.0.40219.1
Project("{FAE04EC0-301F-11D3-BF4B-00C04F79EFBC}") = "SimpleClassLibrary", "SimpleClassLibrary.csproj", "{AC118BF1-3C47-41B5-A3E5-F0C36AB8B36B}"
EndProject
Project("{FAE04EC0-301F-11D3-BF4B-00C04F79EFBC}") = "SimpleClassLibrary.Tests", "..\SimpleClassLibrary.Tests\SimpleClassLibrary.Tests.csproj", "{863A0220-7FEE-4626-B0E1-BE8D9BA242CD}"
EndProject
Global
	GlobalSection(SolutionConfigurationPlatforms) = preSolution
		Debug|Any CPU = Debug|Any CPU
		Release|Any CPU = Release|Any CPU
	EndGlobalSection
	GlobalSection(ProjectConfigurationPlatforms) = postSolution
		{AC118BF1-3C47-41B5-A3E5-F0C36AB8B36B}.Debug|Any CPU.ActiveCfg = Debug|Any CPU
		{AC118BF1-3C47-41B5-A3E5-F0C36AB8B36B}.Debug|Any CPU.Build.0 = Debug|Any CPU
		{AC118BF1-3C47-41B5-A3E5-F0C36AB8B36B}.Release|Any CPU.ActiveCfg = Release|Any CPU
		{AC118BF1-3C47-41B5-A3E5-F0C36AB8B36B}.Release|Any CPU.Build.0 = Release|Any CPU
		{863A0220-7FEE-4626-B0E1-BE8D9BA242CD}.Debug|Any CPU.ActiveCfg = Debug|Any CPU
		{863A0220-7FEE-4626-B0E1-BE8D9BA242CD}.Debug|Any CPU.Build.0 = Debug|Any CPU
		{863A0220-7FEE-4626-B0E1-BE8D9BA242CD}.Release|Any CPU.ActiveCfg = Release|Any CPU
		{863A0220-7FEE-4626-B0E1-BE8D9BA242CD}.Release|Any CPU.Build.0 = Release|Any CPU
	EndGlobalSection
	GlobalSection(SolutionProperties) = preSolution
		HideSolutionNode = FALSE
	EndGlobalSection
EndGlobal
