
Microsoft Visual Studio Solution File, Format Version 12.00
# Visual Studio 14
VisualStudioVersion = 14.0.25420.1
MinimumVisualStudioVersion = 10.0.40219.1
Project("{FAE04EC0-301F-11D3-BF4B-00C04F79EFBC}") = "01_Problem", "01_Problem.csproj", "{A1454DE6-CA0B-4238-85C3-84B46B61F2DF}"
EndProject
Project("{FAE04EC0-301F-11D3-BF4B-00C04F79EFBC}") = "02_ConstructorInjection", "..\02_ConstructorInjection\02_ConstructorInjection.csproj", "{C710B925-9E9D-4FDF-867C-F0B7B2A689A6}"
EndProject
Global
	GlobalSection(SolutionConfigurationPlatforms) = preSolution
		Debug|Any CPU = Debug|Any CPU
		Release|Any CPU = Release|Any CPU
	EndGlobalSection
	GlobalSection(ProjectConfigurationPlatforms) = postSolution
		{A1454DE6-CA0B-4238-85C3-84B46B61F2DF}.Debug|Any CPU.ActiveCfg = Debug|Any CPU
		{A1454DE6-CA0B-4238-85C3-84B46B61F2DF}.Debug|Any CPU.Build.0 = Debug|Any CPU
		{A1454DE6-CA0B-4238-85C3-84B46B61F2DF}.Release|Any CPU.ActiveCfg = Release|Any CPU
		{A1454DE6-CA0B-4238-85C3-84B46B61F2DF}.Release|Any CPU.Build.0 = Release|Any CPU
		{C710B925-9E9D-4FDF-867C-F0B7B2A689A6}.Debug|Any CPU.ActiveCfg = Debug|Any CPU
		{C710B925-9E9D-4FDF-867C-F0B7B2A689A6}.Debug|Any CPU.Build.0 = Debug|Any CPU
		{C710B925-9E9D-4FDF-867C-F0B7B2A689A6}.Release|Any CPU.ActiveCfg = Release|Any CPU
		{C710B925-9E9D-4FDF-867C-F0B7B2A689A6}.Release|Any CPU.Build.0 = Release|Any CPU
	EndGlobalSection
	GlobalSection(SolutionProperties) = preSolution
		HideSolutionNode = FALSE
	EndGlobalSection
EndGlobal
